
Microsoft Visual Studio Solution File, Format Version 12.00
# Visual Studio Version 17
VisualStudioVersion = 17.4.33205.214
MinimumVisualStudioVersion = 10.0.40219.1
Project("{9A19103F-16F7-4668-BE54-9A1E7A4F7556}") = "calculadora_figuras_geometricas", "calculadora_figuras_geometricas\calculadora_figuras_geometricas.csproj", "{5553F158-5073-4850-92C3-C840352FB029}"
EndProject
Project("{54435603-DBB4-11D2-8724-00A0C9A8B90C}") = "calculadora", "calculadora\calculadora.vdproj", "{770893D5-71BC-4D70-9498-20C7E77CB217}"
EndProject
Project("{54435603-DBB4-11D2-8724-00A0C9A8B90C}") = "CalculadoraGeometrica", "CalculadoraGeometrica\CalculadoraGeometrica.vdproj", "{4896EC45-DC26-46C8-9B95-B661141E0DD4}"
EndProject
Global
	GlobalSection(SolutionConfigurationPlatforms) = preSolution
		Debug|Any CPU = Debug|Any CPU
		Release|Any CPU = Release|Any CPU
	EndGlobalSection
	GlobalSection(ProjectConfigurationPlatforms) = postSolution
		{5553F158-5073-4850-92C3-C840352FB029}.Debug|Any CPU.ActiveCfg = Release|Any CPU
		{5553F158-5073-4850-92C3-C840352FB029}.Debug|Any CPU.Build.0 = Release|Any CPU
		{5553F158-5073-4850-92C3-C840352FB029}.Release|Any CPU.ActiveCfg = Release|Any CPU
		{5553F158-5073-4850-92C3-C840352FB029}.Release|Any CPU.Build.0 = Release|Any CPU
		{770893D5-71BC-4D70-9498-20C7E77CB217}.Debug|Any CPU.ActiveCfg = Debug
		{770893D5-71BC-4D70-9498-20C7E77CB217}.Release|Any CPU.ActiveCfg = Release
		{4896EC45-DC26-46C8-9B95-B661141E0DD4}.Debug|Any CPU.ActiveCfg = Debug
		{4896EC45-DC26-46C8-9B95-B661141E0DD4}.Release|Any CPU.ActiveCfg = Release
	EndGlobalSection
	GlobalSection(SolutionProperties) = preSolution
		HideSolutionNode = FALSE
	EndGlobalSection
	GlobalSection(ExtensibilityGlobals) = postSolution
		SolutionGuid = {3604DBC2-24E7-470F-8437-4FD9496EA577}
	EndGlobalSection
EndGlobal
